
Microsoft Visual Studio Solution File, Format Version 12.00
Project("{FAE04EC0-301F-11D3-BF4B-00C04F79EFBC}") = "WindowsFormsAppEasyCs92", "WindowsFormsAppEasyCs92\WindowsFormsAppEasyCs92.csproj", "{BEE26141-BF76-407E-950A-602E8F3A6A89}"
EndProject
Global
	GlobalSection(SolutionConfigurationPlatforms) = preSolution
		Debug|Any CPU = Debug|Any CPU
		Release|Any CPU = Release|Any CPU
	EndGlobalSection
	GlobalSection(ProjectConfigurationPlatforms) = postSolution
		{BEE26141-BF76-407E-950A-602E8F3A6A89}.Debug|Any CPU.ActiveCfg = Debug|Any CPU
		{BEE26141-BF76-407E-950A-602E8F3A6A89}.Debug|Any CPU.Build.0 = Debug|Any CPU
		{BEE26141-BF76-407E-950A-602E8F3A6A89}.Release|Any CPU.ActiveCfg = Release|Any CPU
		{BEE26141-BF76-407E-950A-602E8F3A6A89}.Release|Any CPU.Build.0 = Release|Any CPU
	EndGlobalSection
EndGlobal
